
Microsoft Visual Studio Solution File, Format Version 12.00
# Visual Studio Version 16
VisualStudioVersion = 16.0.32228.343
MinimumVisualStudioVersion = 10.0.40219.1
Project("{9A19103F-16F7-4668-BE54-9A1E7A4F7556}") = "Business", "Business\Business.csproj", "{B0F2A044-6500-4C31-BF4E-3352E70C23CA}"
EndProject
Project("{9A19103F-16F7-4668-BE54-9A1E7A4F7556}") = "DataAccess", "DataAccess\DataAccess.csproj", "{911ED841-D79E-449E-9C10-BD3AF0E38B6A}"
EndProject
Project("{9A19103F-16F7-4668-BE54-9A1E7A4F7556}") = "Entities", "Entities\Entities.csproj", "{82840D90-F8D7-48D4-97EB-03CD93FCC82C}"
EndProject
Project("{9A19103F-16F7-4668-BE54-9A1E7A4F7556}") = "ConsoleUI", "ConsoleUI\ConsoleUI.csproj", "{62156BB0-3D82-4127-82DA-2F805FCBF49D}"
EndProject
Project("{9A19103F-16F7-4668-BE54-9A1E7A4F7556}") = "Core", "Core\Core.csproj", "{C8908CF2-426A-415F-BE1F-CE27C89F7B78}"
EndProject
Project("{FAE04EC0-301F-11D3-BF4B-00C04F79EFBC}") = "WebAPI", "WebAPI\WebAPI.csproj", "{6819ADCC-B939-4D3B-B34F-B9DC3F4B511F}"
EndProject
Global
	GlobalSection(SolutionConfigurationPlatforms) = preSolution
		Debug|Any CPU = Debug|Any CPU
		Release|Any CPU = Release|Any CPU
	EndGlobalSection
	GlobalSection(ProjectConfigurationPlatforms) = postSolution
		{B0F2A044-6500-4C31-BF4E-3352E70C23CA}.Debug|Any CPU.ActiveCfg = Debug|Any CPU
		{B0F2A044-6500-4C31-BF4E-3352E70C23CA}.Debug|Any CPU.Build.0 = Debug|Any CPU
		{B0F2A044-6500-4C31-BF4E-3352E70C23CA}.Release|Any CPU.ActiveCfg = Release|Any CPU
		{B0F2A044-6500-4C31-BF4E-3352E70C23CA}.Release|Any CPU.Build.0 = Release|Any CPU
		{911ED841-D79E-449E-9C10-BD3AF0E38B6A}.Debug|Any CPU.ActiveCfg = Debug|Any CPU
		{911ED841-D79E-449E-9C10-BD3AF0E38B6A}.Debug|Any CPU.Build.0 = Debug|Any CPU
		{911ED841-D79E-449E-9C10-BD3AF0E38B6A}.Release|Any CPU.ActiveCfg = Release|Any CPU
		{911ED841-D79E-449E-9C10-BD3AF0E38B6A}.Release|Any CPU.Build.0 = Release|Any CPU
		{82840D90-F8D7-48D4-97EB-03CD93FCC82C}.Debug|Any CPU.ActiveCfg = Debug|Any CPU
		{82840D90-F8D7-48D4-97EB-03CD93FCC82C}.Debug|Any CPU.Build.0 = Debug|Any CPU
		{82840D90-F8D7-48D4-97EB-03CD93FCC82C}.Release|Any CPU.ActiveCfg = Release|Any CPU
		{82840D90-F8D7-48D4-97EB-03CD93FCC82C}.Release|Any CPU.Build.0 = Release|Any CPU
		{62156BB0-3D82-4127-82DA-2F805FCBF49D}.Debug|Any CPU.ActiveCfg = Debug|Any CPU
		{62156BB0-3D82-4127-82DA-2F805FCBF49D}.Debug|Any CPU.Build.0 = Debug|Any CPU
		{62156BB0-3D82-4127-82DA-2F805FCBF49D}.Release|Any CPU.ActiveCfg = Release|Any CPU
		{62156BB0-3D82-4127-82DA-2F805FCBF49D}.Release|Any CPU.Build.0 = Release|Any CPU
		{C8908CF2-426A-415F-BE1F-CE27C89F7B78}.Debug|Any CPU.ActiveCfg = Debug|Any CPU
		{C8908CF2-426A-415F-BE1F-CE27C89F7B78}.Debug|Any CPU.Build.0 = Debug|Any CPU
		{C8908CF2-426A-415F-BE1F-CE27C89F7B78}.Release|Any CPU.ActiveCfg = Release|Any CPU
		{C8908CF2-426A-415F-BE1F-CE27C89F7B78}.Release|Any CPU.Build.0 = Release|Any CPU
		{6819ADCC-B939-4D3B-B34F-B9DC3F4B511F}.Debug|Any CPU.ActiveCfg = Debug|Any CPU
		{6819ADCC-B939-4D3B-B34F-B9DC3F4B511F}.Debug|Any CPU.Build.0 = Debug|Any CPU
		{6819ADCC-B939-4D3B-B34F-B9DC3F4B511F}.Release|Any CPU.ActiveCfg = Release|Any CPU
		{6819ADCC-B939-4D3B-B34F-B9DC3F4B511F}.Release|Any CPU.Build.0 = Release|Any CPU
	EndGlobalSection
	GlobalSection(SolutionProperties) = preSolution
		HideSolutionNode = FALSE
	EndGlobalSection
	GlobalSection(ExtensibilityGlobals) = postSolution
		SolutionGuid = {03B0081A-5168-4A0B-9784-0B5113BE0DA8}
	EndGlobalSection
EndGlobal
